// !$*UTF8*$!
{
	archiveVersion = 1;
	classes = {
	};
	objectVersion = 50;
	objects = {

/* Begin PBXBuildFile section */
		9C371E672128F14B0003B58E /* Kano.otf in Resources */ = {isa = PBXBuildFile; fileRef = 9C371E662128F14B0003B58E /* Kano.otf */; };
		9C371E692129154E0003B58E /* RouteEnum.swift in Sources */ = {isa = PBXBuildFile; fileRef = 9C371E682129154E0003B58E /* RouteEnum.swift */; };
		9C7A84DF20F08E0E00CEA484 /* AppDelegate.swift in Sources */ = {isa = PBXBuildFile; fileRef = 9C7A84DE20F08E0E00CEA484 /* AppDelegate.swift */; };
		9C7A84E120F08E0E00CEA484 /* art.scnassets in Resources */ = {isa = PBXBuildFile; fileRef = 9C7A84E020F08E0E00CEA484 /* art.scnassets */; };
		9C7A84E320F08E0E00CEA484 /* ViewController.swift in Sources */ = {isa = PBXBuildFile; fileRef = 9C7A84E220F08E0E00CEA484 /* ViewController.swift */; };
		9C7A84E820F08E1000CEA484 /* Assets.xcassets in Resources */ = {isa = PBXBuildFile; fileRef = 9C7A84E720F08E1000CEA484 /* Assets.xcassets */; };
		9C7A84EB20F08E1000CEA484 /* LaunchScreen.storyboard in Resources */ = {isa = PBXBuildFile; fileRef = 9C7A84E920F08E1000CEA484 /* LaunchScreen.storyboard */; };
		9C915BDB21250F210036DE40 /* StationGetter.swift in Sources */ = {isa = PBXBuildFile; fileRef = 9C915BDA21250F210036DE40 /* StationGetter.swift */; };
		9C915BDD21250FE10036DE40 /* ResponseStruct.swift in Sources */ = {isa = PBXBuildFile; fileRef = 9C915BDC21250FE10036DE40 /* ResponseStruct.swift */; };
		9C9E41452128CCDA00D2500C /* ViewController.xib in Resources */ = {isa = PBXBuildFile; fileRef = 9C9E41442128CCDA00D2500C /* ViewController.xib */; };
		9C9E41482128D37200D2500C /* SearchedRouteViewController.swift in Sources */ = {isa = PBXBuildFile; fileRef = 9C9E41462128D37200D2500C /* SearchedRouteViewController.swift */; };
		9C9E41492128D37200D2500C /* SearchedRouteViewController.xib in Resources */ = {isa = PBXBuildFile; fileRef = 9C9E41472128D37200D2500C /* SearchedRouteViewController.xib */; };
		9CBEC557212D32EE00CE4A70 /* RouteSearcher.swift in Sources */ = {isa = PBXBuildFile; fileRef = 9CBEC556212D32EE00CE4A70 /* RouteSearcher.swift */; };
		9CEE4EB52127C647000DB960 /* libxml2.tbd in Frameworks */ = {isa = PBXBuildFile; fileRef = 9CEE4EB42127C647000DB960 /* libxml2.tbd */; };
		9CEE4EB72127C64D000DB960 /* libxml2.2.tbd in Frameworks */ = {isa = PBXBuildFile; fileRef = 9CEE4EB62127C64D000DB960 /* libxml2.2.tbd */; };
		9CEE4EBC2127C722000DB960 /* JiHelper.swift in Sources */ = {isa = PBXBuildFile; fileRef = 9CEE4EB92127C722000DB960 /* JiHelper.swift */; };
		9CEE4EBD2127C722000DB960 /* Ji.swift in Sources */ = {isa = PBXBuildFile; fileRef = 9CEE4EBA2127C722000DB960 /* Ji.swift */; };
		9CEE4EBE2127C722000DB960 /* JiNode.swift in Sources */ = {isa = PBXBuildFile; fileRef = 9CEE4EBB2127C722000DB960 /* JiNode.swift */; };
/* End PBXBuildFile section */

/* Begin PBXFileReference section */
		9C371E662128F14B0003B58E /* Kano.otf */ = {isa = PBXFileReference; lastKnownFileType = file; path = Kano.otf; sourceTree = "<group>"; };
		9C371E682129154E0003B58E /* RouteEnum.swift */ = {isa = PBXFileReference; lastKnownFileType = sourcecode.swift; path = RouteEnum.swift; sourceTree = "<group>"; };
		9C7A84DB20F08E0E00CEA484 /* ARoute.app */ = {isa = PBXFileReference; explicitFileType = wrapper.application; includeInIndex = 0; path = ARoute.app; sourceTree = BUILT_PRODUCTS_DIR; };
		9C7A84DE20F08E0E00CEA484 /* AppDelegate.swift */ = {isa = PBXFileReference; lastKnownFileType = sourcecode.swift; path = AppDelegate.swift; sourceTree = "<group>"; };
		9C7A84E020F08E0E00CEA484 /* art.scnassets */ = {isa = PBXFileReference; lastKnownFileType = wrapper.scnassets; path = art.scnassets; sourceTree = "<group>"; };
		9C7A84E220F08E0E00CEA484 /* ViewController.swift */ = {isa = PBXFileReference; lastKnownFileType = sourcecode.swift; path = ViewController.swift; sourceTree = "<group>"; };
		9C7A84E720F08E1000CEA484 /* Assets.xcassets */ = {isa = PBXFileReference; lastKnownFileType = folder.assetcatalog; path = Assets.xcassets; sourceTree = "<group>"; };
		9C7A84EA20F08E1000CEA484 /* Base */ = {isa = PBXFileReference; lastKnownFileType = file.storyboard; name = Base; path = Base.lproj/LaunchScreen.storyboard; sourceTree = "<group>"; };
		9C7A84EC20F08E1000CEA484 /* Info.plist */ = {isa = PBXFileReference; lastKnownFileType = text.plist.xml; path = Info.plist; sourceTree = "<group>"; };
		9C915BDA21250F210036DE40 /* StationGetter.swift */ = {isa = PBXFileReference; lastKnownFileType = sourcecode.swift; path = StationGetter.swift; sourceTree = "<group>"; };
		9C915BDC21250FE10036DE40 /* ResponseStruct.swift */ = {isa = PBXFileReference; lastKnownFileType = sourcecode.swift; path = ResponseStruct.swift; sourceTree = "<group>"; };
		9C9E41442128CCDA00D2500C /* ViewController.xib */ = {isa = PBXFileReference; lastKnownFileType = file.xib; path = ViewController.xib; sourceTree = "<group>"; };
		9C9E41462128D37200D2500C /* SearchedRouteViewController.swift */ = {isa = PBXFileReference; lastKnownFileType = sourcecode.swift; path = SearchedRouteViewController.swift; sourceTree = "<group>"; };
		9C9E41472128D37200D2500C /* SearchedRouteViewController.xib */ = {isa = PBXFileReference; lastKnownFileType = file.xib; path = SearchedRouteViewController.xib; sourceTree = "<group>"; };
		9CBEC556212D32EE00CE4A70 /* RouteSearcher.swift */ = {isa = PBXFileReference; lastKnownFileType = sourcecode.swift; path = RouteSearcher.swift; sourceTree = "<group>"; };
		9CEE4EB42127C647000DB960 /* libxml2.tbd */ = {isa = PBXFileReference; lastKnownFileType = "sourcecode.text-based-dylib-definition"; name = libxml2.tbd; path = usr/lib/libxml2.tbd; sourceTree = SDKROOT; };
		9CEE4EB62127C64D000DB960 /* libxml2.2.tbd */ = {isa = PBXFileReference; lastKnownFileType = "sourcecode.text-based-dylib-definition"; name = libxml2.2.tbd; path = usr/lib/libxml2.2.tbd; sourceTree = SDKROOT; };
		9CEE4EB82127C6A5000DB960 /* ARoute-Bridging-Header.h */ = {isa = PBXFileReference; lastKnownFileType = sourcecode.c.h; path = "ARoute-Bridging-Header.h"; sourceTree = "<group>"; };
		9CEE4EB92127C722000DB960 /* JiHelper.swift */ = {isa = PBXFileReference; fileEncoding = 4; lastKnownFileType = sourcecode.swift; path = JiHelper.swift; sourceTree = "<group>"; };
		9CEE4EBA2127C722000DB960 /* Ji.swift */ = {isa = PBXFileReference; fileEncoding = 4; lastKnownFileType = sourcecode.swift; path = Ji.swift; sourceTree = "<group>"; };
		9CEE4EBB2127C722000DB960 /* JiNode.swift */ = {isa = PBXFileReference; fileEncoding = 4; lastKnownFileType = sourcecode.swift; path = JiNode.swift; sourceTree = "<group>"; };
/* End PBXFileReference section */

/* Begin PBXFrameworksBuildPhase section */
		9C7A84D820F08E0E00CEA484 /* Frameworks */ = {
			isa = PBXFrameworksBuildPhase;
			buildActionMask = 2147483647;
			files = (
				9CEE4EB72127C64D000DB960 /* libxml2.2.tbd in Frameworks */,
				9CEE4EB52127C647000DB960 /* libxml2.tbd in Frameworks */,
			);
			runOnlyForDeploymentPostprocessing = 0;
		};
/* End PBXFrameworksBuildPhase section */

/* Begin PBXGroup section */
		9C7A84D220F08E0E00CEA484 = {
			isa = PBXGroup;
			children = (
				9C7A84DD20F08E0E00CEA484 /* ARoute */,
				9CEE4EB32127C647000DB960 /* Frameworks */,
				9C7A84DC20F08E0E00CEA484 /* Products */,
				9CEE4EB82127C6A5000DB960 /* ARoute-Bridging-Header.h */,
			);
			sourceTree = "<group>";
		};
		9C7A84DC20F08E0E00CEA484 /* Products */ = {
			isa = PBXGroup;
			children = (
				9C7A84DB20F08E0E00CEA484 /* ARoute.app */,
			);
			name = Products;
			sourceTree = "<group>";
		};
		9C7A84DD20F08E0E00CEA484 /* ARoute */ = {
			isa = PBXGroup;
			children = (
				9C9E41412128CBBA00D2500C /* ViewController */,
				9C9E41432128CBDC00D2500C /* Model */,
				9C9E41422128CBCC00D2500C /* Resource */,
				9C7A84EC20F08E1000CEA484 /* Info.plist */,
				9C7A84E920F08E1000CEA484 /* LaunchScreen.storyboard */,
			);
			path = ARoute;
			sourceTree = "<group>";
		};
		9C9E41402128CB9D00D2500C /* Ji */ = {
			isa = PBXGroup;
			children = (
				9CEE4EBA2127C722000DB960 /* Ji.swift */,
				9CEE4EB92127C722000DB960 /* JiHelper.swift */,
				9CEE4EBB2127C722000DB960 /* JiNode.swift */,
			);
			path = Ji;
			sourceTree = "<group>";
		};
		9C9E41412128CBBA00D2500C /* ViewController */ = {
			isa = PBXGroup;
			children = (
				9C7A84DE20F08E0E00CEA484 /* AppDelegate.swift */,
				9C7A84E220F08E0E00CEA484 /* ViewController.swift */,
				9C9E41442128CCDA00D2500C /* ViewController.xib */,
				9C9E41462128D37200D2500C /* SearchedRouteViewController.swift */,
				9C9E41472128D37200D2500C /* SearchedRouteViewController.xib */,
			);
			path = ViewController;
			sourceTree = "<group>";
		};
		9C9E41422128CBCC00D2500C /* Resource */ = {
			isa = PBXGroup;
			children = (
				9C371E662128F14B0003B58E /* Kano.otf */,
				9C7A84E020F08E0E00CEA484 /* art.scnassets */,
				9C7A84E720F08E1000CEA484 /* Assets.xcassets */,
			);
			path = Resource;
			sourceTree = "<group>";
		};
		9C9E41432128CBDC00D2500C /* Model */ = {
			isa = PBXGroup;
			children = (
				9C9E41402128CB9D00D2500C /* Ji */,
				9C915BDC21250FE10036DE40 /* ResponseStruct.swift */,
				9C915BDA21250F210036DE40 /* StationGetter.swift */,
				9C371E682129154E0003B58E /* RouteEnum.swift */,
				9CBEC556212D32EE00CE4A70 /* RouteSearcher.swift */,
			);
			path = Model;
			sourceTree = "<group>";
		};
		9CEE4EB32127C647000DB960 /* Frameworks */ = {
			isa = PBXGroup;
			children = (
				9CEE4EB62127C64D000DB960 /* libxml2.2.tbd */,
				9CEE4EB42127C647000DB960 /* libxml2.tbd */,
			);
			name = Frameworks;
			sourceTree = "<group>";
		};
/* End PBXGroup section */

/* Begin PBXNativeTarget section */
		9C7A84DA20F08E0E00CEA484 /* ARoute */ = {
			isa = PBXNativeTarget;
			buildConfigurationList = 9C7A84EF20F08E1000CEA484 /* Build configuration list for PBXNativeTarget "ARoute" */;
			buildPhases = (
				9C7A84D720F08E0E00CEA484 /* Sources */,
				9C7A84D820F08E0E00CEA484 /* Frameworks */,
				9C7A84D920F08E0E00CEA484 /* Resources */,
			);
			buildRules = (
			);
			dependencies = (
			);
			name = ARoute;
			productName = ARoute;
			productReference = 9C7A84DB20F08E0E00CEA484 /* ARoute.app */;
			productType = "com.apple.product-type.application";
		};
/* End PBXNativeTarget section */

/* Begin PBXProject section */
		9C7A84D320F08E0E00CEA484 /* Project object */ = {
			isa = PBXProject;
			attributes = {
				LastSwiftUpdateCheck = 1000;
				LastUpgradeCheck = 1000;
				ORGANIZATIONNAME = "Kyoya Yamaguchi";
				TargetAttributes = {
					9C7A84DA20F08E0E00CEA484 = {
						CreatedOnToolsVersion = 10.0;
					};
				};
			};
			buildConfigurationList = 9C7A84D620F08E0E00CEA484 /* Build configuration list for PBXProject "ARoute" */;
			compatibilityVersion = "Xcode 9.3";
			developmentRegion = en;
			hasScannedForEncodings = 0;
			knownRegions = (
				en,
				Base,
			);
			mainGroup = 9C7A84D220F08E0E00CEA484;
			productRefGroup = 9C7A84DC20F08E0E00CEA484 /* Products */;
			projectDirPath = "";
			projectRoot = "";
			targets = (
				9C7A84DA20F08E0E00CEA484 /* ARoute */,
			);
		};
/* End PBXProject section */

/* Begin PBXResourcesBuildPhase section */
		9C7A84D920F08E0E00CEA484 /* Resources */ = {
			isa = PBXResourcesBuildPhase;
			buildActionMask = 2147483647;
			files = (
				9C9E41452128CCDA00D2500C /* ViewController.xib in Resources */,
				9C7A84E120F08E0E00CEA484 /* art.scnassets in Resources */,
				9C371E672128F14B0003B58E /* Kano.otf in Resources */,
				9C7A84EB20F08E1000CEA484 /* LaunchScreen.storyboard in Resources */,
				9C7A84E820F08E1000CEA484 /* Assets.xcassets in Resources */,
				9C9E41492128D37200D2500C /* SearchedRouteViewController.xib in Resources */,
			);
			runOnlyForDeploymentPostprocessing = 0;
		};
/* End PBXResourcesBuildPhase section */

/* Begin PBXSourcesBuildPhase section */
		9C7A84D720F08E0E00CEA484 /* Sources */ = {
			isa = PBXSourcesBuildPhase;
			buildActionMask = 2147483647;
			files = (
				9CBEC557212D32EE00CE4A70 /* RouteSearcher.swift in Sources */,
				9C7A84E320F08E0E00CEA484 /* ViewController.swift in Sources */,
				9CEE4EBE2127C722000DB960 /* JiNode.swift in Sources */,
				9C7A84DF20F08E0E00CEA484 /* AppDelegate.swift in Sources */,
				9C9E41482128D37200D2500C /* SearchedRouteViewController.swift in Sources */,
				9CEE4EBD2127C722000DB960 /* Ji.swift in Sources */,
				9C915BDB21250F210036DE40 /* StationGetter.swift in Sources */,
				9CEE4EBC2127C722000DB960 /* JiHelper.swift in Sources */,
				9C371E692129154E0003B58E /* RouteEnum.swift in Sources */,
				9C915BDD21250FE10036DE40 /* ResponseStruct.swift in Sources */,
			);
			runOnlyForDeploymentPostprocessing = 0;
		};
/* End PBXSourcesBuildPhase section */

/* Begin PBXVariantGroup section */
		9C7A84E920F08E1000CEA484 /* LaunchScreen.storyboard */ = {
			isa = PBXVariantGroup;
			children = (
				9C7A84EA20F08E1000CEA484 /* Base */,
			);
			name = LaunchScreen.storyboard;
			path = .;
			sourceTree = "<group>";
		};
/* End PBXVariantGroup section */

/* Begin XCBuildConfiguration section */
		9C7A84ED20F08E1000CEA484 /* Debug */ = {
			isa = XCBuildConfiguration;
			buildSettings = {
				ALWAYS_SEARCH_USER_PATHS = NO;
				CLANG_ANALYZER_NONNULL = YES;
				CLANG_ANALYZER_NUMBER_OBJECT_CONVERSION = YES_AGGRESSIVE;
				CLANG_CXX_LANGUAGE_STANDARD = "gnu++14";
				CLANG_CXX_LIBRARY = "libc++";
				CLANG_ENABLE_MODULES = YES;
				CLANG_ENABLE_OBJC_ARC = YES;
				CLANG_ENABLE_OBJC_WEAK = YES;
				CLANG_WARN_BLOCK_CAPTURE_AUTORELEASING = YES;
				CLANG_WARN_BOOL_CONVERSION = YES;
				CLANG_WARN_COMMA = YES;
				CLANG_WARN_CONSTANT_CONVERSION = YES;
				CLANG_WARN_DEPRECATED_OBJC_IMPLEMENTATIONS = YES;
				CLANG_WARN_DIRECT_OBJC_ISA_USAGE = YES_ERROR;
				CLANG_WARN_DOCUMENTATION_COMMENTS = YES;
				CLANG_WARN_EMPTY_BODY = YES;
				CLANG_WARN_ENUM_CONVERSION = YES;
				CLANG_WARN_INFINITE_RECURSION = YES;
				CLANG_WARN_INT_CONVERSION = YES;
				CLANG_WARN_NON_LITERAL_NULL_CONVERSION = YES;
				CLANG_WARN_OBJC_IMPLICIT_RETAIN_SELF = YES;
				CLANG_WARN_OBJC_LITERAL_CONVERSION = YES;
				CLANG_WARN_OBJC_ROOT_CLASS = YES_ERROR;
				CLANG_WARN_RANGE_LOOP_ANALYSIS = YES;
				CLANG_WARN_STRICT_PROTOTYPES = YES;
				CLANG_WARN_SUSPICIOUS_MOVE = YES;
				CLANG_WARN_UNGUARDED_AVAILABILITY = YES_AGGRESSIVE;
				CLANG_WARN_UNREACHABLE_CODE = YES;
				CLANG_WARN__DUPLICATE_METHOD_MATCH = YES;
				CODE_SIGN_IDENTITY = "iPhone Developer";
				COPY_PHASE_STRIP = NO;
				DEBUG_INFORMATION_FORMAT = dwarf;
				ENABLE_STRICT_OBJC_MSGSEND = YES;
				ENABLE_TESTABILITY = YES;
				GCC_C_LANGUAGE_STANDARD = gnu11;
				GCC_DYNAMIC_NO_PIC = NO;
				GCC_NO_COMMON_BLOCKS = YES;
				GCC_OPTIMIZATION_LEVEL = 0;
				GCC_PREPROCESSOR_DEFINITIONS = (
					"DEBUG=1",
					"$(inherited)",
				);
				GCC_WARN_64_TO_32_BIT_CONVERSION = YES;
				GCC_WARN_ABOUT_RETURN_TYPE = YES_ERROR;
				GCC_WARN_UNDECLARED_SELECTOR = YES;
				GCC_WARN_UNINITIALIZED_AUTOS = YES_AGGRESSIVE;
				GCC_WARN_UNUSED_FUNCTION = YES;
				GCC_WARN_UNUSED_VARIABLE = YES;
				IPHONEOS_DEPLOYMENT_TARGET = 12.0;
				MTL_ENABLE_DEBUG_INFO = INCLUDE_SOURCE;
				MTL_FAST_MATH = YES;
				ONLY_ACTIVE_ARCH = YES;
				SDKROOT = iphoneos;
				SWIFT_ACTIVE_COMPILATION_CONDITIONS = DEBUG;
				SWIFT_OBJC_BRIDGING_HEADER = "$(SRCROOT)/ARoute-Bridging-Header.h";
				SWIFT_OPTIMIZATION_LEVEL = "-Onone";
			};
			name = Debug;
		};
		9C7A84EE20F08E1000CEA484 /* Release */ = {
			isa = XCBuildConfiguration;
			buildSettings = {
				ALWAYS_SEARCH_USER_PATHS = NO;
				CLANG_ANALYZER_NONNULL = YES;
				CLANG_ANALYZER_NUMBER_OBJECT_CONVERSION = YES_AGGRESSIVE;
				CLANG_CXX_LANGUAGE_STANDARD = "gnu++14";
				CLANG_CXX_LIBRARY = "libc++";
				CLANG_ENABLE_MODULES = YES;
				CLANG_ENABLE_OBJC_ARC = YES;
				CLANG_ENABLE_OBJC_WEAK = YES;
				CLANG_WARN_BLOCK_CAPTURE_AUTORELEASING = YES;
				CLANG_WARN_BOOL_CONVERSION = YES;
				CLANG_WARN_COMMA = YES;
				CLANG_WARN_CONSTANT_CONVERSION = YES;
				CLANG_WARN_DEPRECATED_OBJC_IMPLEMENTATIONS = YES;
				CLANG_WARN_DIRECT_OBJC_ISA_USAGE = YES_ERROR;
				CLANG_WARN_DOCUMENTATION_COMMENTS = YES;
				CLANG_WARN_EMPTY_BODY = YES;
				CLANG_WARN_ENUM_CONVERSION = YES;
				CLANG_WARN_INFINITE_RECURSION = YES;
				CLANG_WARN_INT_CONVERSION = YES;
				CLANG_WARN_NON_LITERAL_NULL_CONVERSION = YES;
				CLANG_WARN_OBJC_IMPLICIT_RETAIN_SELF = YES;
				CLANG_WARN_OBJC_LITERAL_CONVERSION = YES;
				CLANG_WARN_OBJC_ROOT_CLASS = YES_ERROR;
				CLANG_WARN_RANGE_LOOP_ANALYSIS = YES;
				CLANG_WARN_STRICT_PROTOTYPES = YES;
				CLANG_WARN_SUSPICIOUS_MOVE = YES;
				CLANG_WARN_UNGUARDED_AVAILABILITY = YES_AGGRESSIVE;
				CLANG_WARN_UNREACHABLE_CODE = YES;
				CLANG_WARN__DUPLICATE_METHOD_MATCH = YES;
				CODE_SIGN_IDENTITY = "iPhone Developer";
				COPY_PHASE_STRIP = NO;
				DEBUG_INFORMATION_FORMAT = "dwarf-with-dsym";
				ENABLE_NS_ASSERTIONS = NO;
				ENABLE_STRICT_OBJC_MSGSEND = YES;
				GCC_C_LANGUAGE_STANDARD = gnu11;
				GCC_NO_COMMON_BLOCKS = YES;
				GCC_WARN_64_TO_32_BIT_CONVERSION = YES;
				GCC_WARN_ABOUT_RETURN_TYPE = YES_ERROR;
				GCC_WARN_UNDECLARED_SELECTOR = YES;
				GCC_WARN_UNINITIALIZED_AUTOS = YES_AGGRESSIVE;
				GCC_WARN_UNUSED_FUNCTION = YES;
				GCC_WARN_UNUSED_VARIABLE = YES;
				IPHONEOS_DEPLOYMENT_TARGET = 12.0;
				MTL_ENABLE_DEBUG_INFO = NO;
				MTL_FAST_MATH = YES;
				SDKROOT = iphoneos;
				SWIFT_COMPILATION_MODE = wholemodule;
				SWIFT_OBJC_BRIDGING_HEADER = "$(SRCROOT)/ARoute-Bridging-Header.h";
				SWIFT_OPTIMIZATION_LEVEL = "-O";
				VALIDATE_PRODUCT = YES;
			};
			name = Release;
		};
		9C7A84F020F08E1000CEA484 /* Debug */ = {
			isa = XCBuildConfiguration;
			buildSettings = {
				ASSETCATALOG_COMPILER_APPICON_NAME = AppIcon;
				CODE_SIGN_STYLE = Automatic;
				DEVELOPMENT_TEAM = 3X7LEN654Y;
				HEADER_SEARCH_PATHS = "$(SDKROOT)/usr/include/libxml2";
				INFOPLIST_FILE = ARoute/Info.plist;
				LD_RUNPATH_SEARCH_PATHS = (
					"$(inherited)",
					"@executable_path/Frameworks",
				);
				OTHER_LDFLAGS = "-lxml2";
				PRODUCT_BUNDLE_IDENTIFIER = com.kyoya.ARoute;
				PRODUCT_NAME = "$(TARGET_NAME)";
				SWIFT_OBJC_BRIDGING_HEADER = "ARoute-Bridging-Header.h";
				SWIFT_VERSION = 4.2;
				TARGETED_DEVICE_FAMILY = "1,2";
			};
			name = Debug;
		};
		9C7A84F120F08E1000CEA484 /* Release */ = {
			isa = XCBuildConfiguration;
			buildSettings = {
				ASSETCATALOG_COMPILER_APPICON_NAME = AppIcon;
				CODE_SIGN_STYLE = Automatic;
				DEVELOPMENT_TEAM = 3X7LEN654Y;
				HEADER_SEARCH_PATHS = "$(SDKROOT)/usr/include/libxml2";
				INFOPLIST_FILE = ARoute/Info.plist;
				LD_RUNPATH_SEARCH_PATHS = (
					"$(inherited)",
					"@executable_path/Frameworks",
				);
				OTHER_LDFLAGS = "-lxml2";
				PRODUCT_BUNDLE_IDENTIFIER = com.kyoya.ARoute;
				PRODUCT_NAME = "$(TARGET_NAME)";
				SWIFT_OBJC_BRIDGING_HEADER = "ARoute-Bridging-Header.h";
				SWIFT_VERSION = 4.2;
				TARGETED_DEVICE_FAMILY = "1,2";
			};
			name = Release;
		};
/* End XCBuildConfiguration section */

/* Begin XCConfigurationList section */
		9C7A84D620F08E0E00CEA484 /* Build configuration list for PBXProject "ARoute" */ = {
			isa = XCConfigurationList;
			buildConfigurations = (
				9C7A84ED20F08E1000CEA484 /* Debug */,
				9C7A84EE20F08E1000CEA484 /* Release */,
			);
			defaultConfigurationIsVisible = 0;
			defaultConfigurationName = Release;
		};
		9C7A84EF20F08E1000CEA484 /* Build configuration list for PBXNativeTarget "ARoute" */ = {
			isa = XCConfigurationList;
			buildConfigurations = (
				9C7A84F020F08E1000CEA484 /* Debug */,
				9C7A84F120F08E1000CEA484 /* Release */,
			);
			defaultConfigurationIsVisible = 0;
			defaultConfigurationName = Release;
		};
/* End XCConfigurationList section */
	};
	rootObject = 9C7A84D320F08E0E00CEA484 /* Project object */;
}
